
Microsoft Visual Studio Solution File, Format Version 12.00
# Visual Studio 15
VisualStudioVersion = 15.0.28010.2050
MinimumVisualStudioVersion = 10.0.40219.1
Project("{FAE04EC0-301F-11D3-BF4B-00C04F79EFBC}") = "SMSGui", "SMSGui\SMSGui.csproj", "{F4493E88-39A4-4C18-A91F-AA26DF41689B}"
EndProject
Global
	GlobalSection(SolutionConfigurationPlatforms) = preSolution
		Debug|Any CPU = Debug|Any CPU
		Release|Any CPU = Release|Any CPU
	EndGlobalSection
	GlobalSection(ProjectConfigurationPlatforms) = postSolution
		{F4493E88-39A4-4C18-A91F-AA26DF41689B}.Debug|Any CPU.ActiveCfg = Debug|Any CPU
		{F4493E88-39A4-4C18-A91F-AA26DF41689B}.Debug|Any CPU.Build.0 = Debug|Any CPU
		{F4493E88-39A4-4C18-A91F-AA26DF41689B}.Release|Any CPU.ActiveCfg = Release|Any CPU
		{F4493E88-39A4-4C18-A91F-AA26DF41689B}.Release|Any CPU.Build.0 = Release|Any CPU
	EndGlobalSection
	GlobalSection(SolutionProperties) = preSolution
		HideSolutionNode = FALSE
	EndGlobalSection
	GlobalSection(ExtensibilityGlobals) = postSolution
		SolutionGuid = {C27B3B5F-975E-48B8-A47C-09EF34443F7A}
	EndGlobalSection
EndGlobal
